
Microsoft Visual Studio Solution File, Format Version 12.00
# Visual Studio Version 16
VisualStudioVersion = 16.0.29709.97
MinimumVisualStudioVersion = 10.0.40219.1
Project("{FAE04EC0-301F-11D3-BF4B-00C04F79EFBC}") = "XYZwebsite", "XYZwebsite\XYZwebsite.csproj", "{9345AB27-D7DA-4D8B-97B4-0BF5F34CB67F}"
EndProject
Global
	GlobalSection(SolutionConfigurationPlatforms) = preSolution
		Debug|Any CPU = Debug|Any CPU
		Release|Any CPU = Release|Any CPU
	EndGlobalSection
	GlobalSection(ProjectConfigurationPlatforms) = postSolution
		{9345AB27-D7DA-4D8B-97B4-0BF5F34CB67F}.Debug|Any CPU.ActiveCfg = Debug|Any CPU
		{9345AB27-D7DA-4D8B-97B4-0BF5F34CB67F}.Debug|Any CPU.Build.0 = Debug|Any CPU
		{9345AB27-D7DA-4D8B-97B4-0BF5F34CB67F}.Release|Any CPU.ActiveCfg = Release|Any CPU
		{9345AB27-D7DA-4D8B-97B4-0BF5F34CB67F}.Release|Any CPU.Build.0 = Release|Any CPU
	EndGlobalSection
	GlobalSection(SolutionProperties) = preSolution
		HideSolutionNode = FALSE
	EndGlobalSection
	GlobalSection(ExtensibilityGlobals) = postSolution
		SolutionGuid = {F4337D9F-FBC3-42B3-8BFA-A5451C2F6840}
	EndGlobalSection
EndGlobal
